
Microsoft Visual Studio Solution File, Format Version 12.00
# Visual Studio 15
VisualStudioVersion = 15.0.27130.0
MinimumVisualStudioVersion = 10.0.40219.1
Project("{FAE04EC0-301F-11D3-BF4B-00C04F79EFBC}") = "CSharpHomeCase7_1", "CSharpHomeCase7_1.csproj", "{3C2EBFEB-6818-4DD8-8B9A-9EF0A25B01FF}"
EndProject
Global
	GlobalSection(SolutionConfigurationPlatforms) = preSolution
		Debug|Any CPU = Debug|Any CPU
		Release|Any CPU = Release|Any CPU
	EndGlobalSection
	GlobalSection(ProjectConfigurationPlatforms) = postSolution
		{3C2EBFEB-6818-4DD8-8B9A-9EF0A25B01FF}.Debug|Any CPU.ActiveCfg = Debug|Any CPU
		{3C2EBFEB-6818-4DD8-8B9A-9EF0A25B01FF}.Debug|Any CPU.Build.0 = Debug|Any CPU
		{3C2EBFEB-6818-4DD8-8B9A-9EF0A25B01FF}.Release|Any CPU.ActiveCfg = Release|Any CPU
		{3C2EBFEB-6818-4DD8-8B9A-9EF0A25B01FF}.Release|Any CPU.Build.0 = Release|Any CPU
	EndGlobalSection
	GlobalSection(SolutionProperties) = preSolution
		HideSolutionNode = FALSE
	EndGlobalSection
	GlobalSection(ExtensibilityGlobals) = postSolution
		SolutionGuid = {460776F7-DC4A-495A-A36D-D46C1CEB0E71}
	EndGlobalSection
EndGlobal
